
Microsoft Visual Studio Solution File, Format Version 12.00
# Visual Studio Version 17
VisualStudioVersion = 17.9.34616.47
MinimumVisualStudioVersion = 10.0.40219.1
Project("{FAE04EC0-301F-11D3-BF4B-00C04F79EFBC}") = "TPmod10", "TPmod10\TPmod10.csproj", "{8CD56E84-8C86-4DDF-B2DB-7A4448AF507E}"
EndProject
Global
	GlobalSection(SolutionConfigurationPlatforms) = preSolution
		Debug|Any CPU = Debug|Any CPU
		Release|Any CPU = Release|Any CPU
	EndGlobalSection
	GlobalSection(ProjectConfigurationPlatforms) = postSolution
		{8CD56E84-8C86-4DDF-B2DB-7A4448AF507E}.Debug|Any CPU.ActiveCfg = Debug|Any CPU
		{8CD56E84-8C86-4DDF-B2DB-7A4448AF507E}.Debug|Any CPU.Build.0 = Debug|Any CPU
		{8CD56E84-8C86-4DDF-B2DB-7A4448AF507E}.Release|Any CPU.ActiveCfg = Release|Any CPU
		{8CD56E84-8C86-4DDF-B2DB-7A4448AF507E}.Release|Any CPU.Build.0 = Release|Any CPU
	EndGlobalSection
	GlobalSection(SolutionProperties) = preSolution
		HideSolutionNode = FALSE
	EndGlobalSection
	GlobalSection(ExtensibilityGlobals) = postSolution
		SolutionGuid = {3AD0402F-AB8A-499C-8DCB-AFC62FA2E260}
	EndGlobalSection
EndGlobal
